
Microsoft Visual Studio Solution File, Format Version 12.00
# Visual Studio Version 17
VisualStudioVersion = 17.0.31903.59
MinimumVisualStudioVersion = 10.0.40219.1
Project("{FAE04EC0-301F-11D3-BF4B-00C04F79EFBC}") = "Audabit.Common.Observability", "Audabit.Common.Observability\Audabit.Common.Observability.csproj", "{B0F1A456-A441-44B7-B8E7-023737ABBC6E}"
EndProject
Project("{2150E333-8FDC-42A3-9474-1A3956D46DE8}") = "Tests", "Tests", "{0AB3BF05-4346-4AA6-1389-037BE0695223}"
EndProject
Project("{FAE04EC0-301F-11D3-BF4B-00C04F79EFBC}") = "Audabit.Common.Observability.Tests.Unit", "Tests\Audabit.Common.Observability.Tests.Unit\Audabit.Common.Observability.Tests.Unit.csproj", "{F3337E38-2523-44D2-ACFD-60F362897A01}"
EndProject
Global
	GlobalSection(SolutionConfigurationPlatforms) = preSolution
		Debug|Any CPU = Debug|Any CPU
		Debug|x64 = Debug|x64
		Debug|x86 = Debug|x86
		Release|Any CPU = Release|Any CPU
		Release|x64 = Release|x64
		Release|x86 = Release|x86
	EndGlobalSection
	GlobalSection(ProjectConfigurationPlatforms) = postSolution
		{B0F1A456-A441-44B7-B8E7-023737ABBC6E}.Debug|Any CPU.ActiveCfg = Debug|Any CPU
		{B0F1A456-A441-44B7-B8E7-023737ABBC6E}.Debug|Any CPU.Build.0 = Debug|Any CPU
		{B0F1A456-A441-44B7-B8E7-023737ABBC6E}.Debug|x64.ActiveCfg = Debug|Any CPU
		{B0F1A456-A441-44B7-B8E7-023737ABBC6E}.Debug|x64.Build.0 = Debug|Any CPU
		{B0F1A456-A441-44B7-B8E7-023737ABBC6E}.Debug|x86.ActiveCfg = Debug|Any CPU
		{B0F1A456-A441-44B7-B8E7-023737ABBC6E}.Debug|x86.Build.0 = Debug|Any CPU
		{B0F1A456-A441-44B7-B8E7-023737ABBC6E}.Release|Any CPU.ActiveCfg = Release|Any CPU
		{B0F1A456-A441-44B7-B8E7-023737ABBC6E}.Release|Any CPU.Build.0 = Release|Any CPU
		{B0F1A456-A441-44B7-B8E7-023737ABBC6E}.Release|x64.ActiveCfg = Release|Any CPU
		{B0F1A456-A441-44B7-B8E7-023737ABBC6E}.Release|x64.Build.0 = Release|Any CPU
		{B0F1A456-A441-44B7-B8E7-023737ABBC6E}.Release|x86.ActiveCfg = Release|Any CPU
		{B0F1A456-A441-44B7-B8E7-023737ABBC6E}.Release|x86.Build.0 = Release|Any CPU
		{F3337E38-2523-44D2-ACFD-60F362897A01}.Debug|Any CPU.ActiveCfg = Debug|Any CPU
		{F3337E38-2523-44D2-ACFD-60F362897A01}.Debug|Any CPU.Build.0 = Debug|Any CPU
		{F3337E38-2523-44D2-ACFD-60F362897A01}.Debug|x64.ActiveCfg = Debug|Any CPU
		{F3337E38-2523-44D2-ACFD-60F362897A01}.Debug|x64.Build.0 = Debug|Any CPU
		{F3337E38-2523-44D2-ACFD-60F362897A01}.Debug|x86.ActiveCfg = Debug|Any CPU
		{F3337E38-2523-44D2-ACFD-60F362897A01}.Debug|x86.Build.0 = Debug|Any CPU
		{F3337E38-2523-44D2-ACFD-60F362897A01}.Release|Any CPU.ActiveCfg = Release|Any CPU
		{F3337E38-2523-44D2-ACFD-60F362897A01}.Release|Any CPU.Build.0 = Release|Any CPU
		{F3337E38-2523-44D2-ACFD-60F362897A01}.Release|x64.ActiveCfg = Release|Any CPU
		{F3337E38-2523-44D2-ACFD-60F362897A01}.Release|x64.Build.0 = Release|Any CPU
		{F3337E38-2523-44D2-ACFD-60F362897A01}.Release|x86.ActiveCfg = Release|Any CPU
		{F3337E38-2523-44D2-ACFD-60F362897A01}.Release|x86.Build.0 = Release|Any CPU
	EndGlobalSection
	GlobalSection(SolutionProperties) = preSolution
		HideSolutionNode = FALSE
	EndGlobalSection
	GlobalSection(NestedProjects) = preSolution
		{F3337E38-2523-44D2-ACFD-60F362897A01} = {0AB3BF05-4346-4AA6-1389-037BE0695223}
	EndGlobalSection
EndGlobal
